{
  "name": "@zikojs/lucide",
  "version": "0.2.0",
  "lockfileVersion": 3,
  "requires": true,
  "packages": {
    "": {
      "name": "@zikojs/lucide",
      "version": "0.2.0",
      "license": "MIT",
      "dependencies": {
        "create-vite": "^9.1.2",
        "lucide": "^1.30.0",
        "ziko": "^1.8.0"
      }
    },
    "node_modules/create-vite": {
      "version": "9.1.2",
      "resolved": "https://registry.npmjs.org/create-vite/-/create-vite-9.1.2.tgz",
      "integrity": "sha512-6plDCgTP2LHMQ4QHw8ZgUE+z9vOIU30lC0aq/wF4cOtGNaJg72DdsPS8Jm9geAVnyr4QjgRfepMn8lkXyeSh0g==",
      "license": "MIT",
      "bin": {
        "create-vite": "index.js",
        "cva": "index.js"
      },
      "engines": {
        "node": "^20.19.0 || >=22.12.0"
      },
      "funding": {
        "url": "https://github.com/vitejs/vite?sponsor=1"
      }
    },
    "node_modules/lucide": {
      "version": "1.33.0",
      "resolved": "https://registry.npmjs.org/lucide/-/lucide-1.33.0.tgz",
      "integrity": "sha512-qfSZR1mmM65zfGeqonve67gtHBmyJtvlpdMuXiQLN04RaQmEvD0o85S9Gi+A6JQaQXpjKz5FIUBdAUEhb1Lj1Q==",
      "license": "ISC"
    },
    "node_modules/ziko": {
      "version": "1.8.0",
      "resolved": "https://registry.npmjs.org/ziko/-/ziko-1.8.0.tgz",
      "integrity": "sha512-5CMCc3SDbxRW4wBhNeU0R5K6yf0HGuVc1RCKPXQqFDkqXgHCzdUBpq6pp9CfmX0gBdswByEgvimdvV3236/qxg==",
      "license": "MIT",
      "bin": {
        "create-ziko-app": "starter/bin/index.js"
      }
    }
  }
}
